
Microsoft Visual Studio Solution File, Format Version 12.00
# Visual Studio Version 17
VisualStudioVersion = 17.7.34018.315
MinimumVisualStudioVersion = 10.0.40219.1
Project("{FAE04EC0-301F-11D3-BF4B-00C04F79EFBC}") = "Matrix", "Matrix\Matrix.csproj", "{B6A33F8E-9AAD-472F-900F-0C978FF1FDBA}"
EndProject
Global
	GlobalSection(SolutionConfigurationPlatforms) = preSolution
		Debug|Any CPU = Debug|Any CPU
		Release|Any CPU = Release|Any CPU
	EndGlobalSection
	GlobalSection(ProjectConfigurationPlatforms) = postSolution
		{B6A33F8E-9AAD-472F-900F-0C978FF1FDBA}.Debug|Any CPU.ActiveCfg = Debug|Any CPU
		{B6A33F8E-9AAD-472F-900F-0C978FF1FDBA}.Debug|Any CPU.Build.0 = Debug|Any CPU
		{B6A33F8E-9AAD-472F-900F-0C978FF1FDBA}.Release|Any CPU.ActiveCfg = Release|Any CPU
		{B6A33F8E-9AAD-472F-900F-0C978FF1FDBA}.Release|Any CPU.Build.0 = Release|Any CPU
	EndGlobalSection
	GlobalSection(SolutionProperties) = preSolution
		HideSolutionNode = FALSE
	EndGlobalSection
	GlobalSection(ExtensibilityGlobals) = postSolution
		SolutionGuid = {92A2B59A-C247-432F-8C2D-60F255CC4F0C}
	EndGlobalSection
EndGlobal
